
Microsoft Visual Studio Solution File, Format Version 12.00
# Visual Studio Version 17
VisualStudioVersion = 17.11.35222.181
MinimumVisualStudioVersion = 10.0.40219.1
Project("{9A19103F-16F7-4668-BE54-9A1E7A4F7556}") = "WEB_253501_Rabets.UI", "WEB_253501_Rabets.UI\WEB_253501_Rabets.UI.csproj", "{62664BF5-EF51-46C9-B7F6-608EA50EDB5B}"
EndProject
Global
	GlobalSection(SolutionConfigurationPlatforms) = preSolution
		Debug|Any CPU = Debug|Any CPU
		Release|Any CPU = Release|Any CPU
	EndGlobalSection
	GlobalSection(ProjectConfigurationPlatforms) = postSolution
		{62664BF5-EF51-46C9-B7F6-608EA50EDB5B}.Debug|Any CPU.ActiveCfg = Debug|Any CPU
		{62664BF5-EF51-46C9-B7F6-608EA50EDB5B}.Debug|Any CPU.Build.0 = Debug|Any CPU
		{62664BF5-EF51-46C9-B7F6-608EA50EDB5B}.Release|Any CPU.ActiveCfg = Release|Any CPU
		{62664BF5-EF51-46C9-B7F6-608EA50EDB5B}.Release|Any CPU.Build.0 = Release|Any CPU
	EndGlobalSection
	GlobalSection(SolutionProperties) = preSolution
		HideSolutionNode = FALSE
	EndGlobalSection
	GlobalSection(ExtensibilityGlobals) = postSolution
		SolutionGuid = {0AC75F37-AFC6-4A94-B03D-91987B03B863}
	EndGlobalSection
EndGlobal
